
Microsoft Visual Studio Solution File, Format Version 12.00
# Visual Studio Version 17
VisualStudioVersion = 17.1.32210.238
MinimumVisualStudioVersion = 10.0.40219.1
Project("{8BC9CEB8-8B4A-11D0-8D11-00A0C91BC942}") = "HeroHookDLL", "HeroHookDLL\HeroHookDLL.vcxproj", "{BF6280B9-5E99-4B5A-A436-0A74CFD198C1}"
EndProject
Project("{FAE04EC0-301F-11D3-BF4B-00C04F79EFBC}") = "HookInjector", "HookInjector\HookInjector.csproj", "{8F7E0014-8A74-4ADE-A1A6-A60CF15410BD}"
EndProject
Global
	GlobalSection(SolutionConfigurationPlatforms) = preSolution
		Debug|Any CPU = Debug|Any CPU
		Debug|x64 = Debug|x64
		Debug|x86 = Debug|x86
		Release|Any CPU = Release|Any CPU
		Release|x64 = Release|x64
		Release|x86 = Release|x86
	EndGlobalSection
	GlobalSection(ProjectConfigurationPlatforms) = postSolution
		{BF6280B9-5E99-4B5A-A436-0A74CFD198C1}.Debug|Any CPU.ActiveCfg = Debug|x64
		{BF6280B9-5E99-4B5A-A436-0A74CFD198C1}.Debug|Any CPU.Build.0 = Debug|x64
		{BF6280B9-5E99-4B5A-A436-0A74CFD198C1}.Debug|x64.ActiveCfg = Debug|x64
		{BF6280B9-5E99-4B5A-A436-0A74CFD198C1}.Debug|x64.Build.0 = Debug|x64
		{BF6280B9-5E99-4B5A-A436-0A74CFD198C1}.Debug|x86.ActiveCfg = Debug|Win32
		{BF6280B9-5E99-4B5A-A436-0A74CFD198C1}.Debug|x86.Build.0 = Debug|Win32
		{BF6280B9-5E99-4B5A-A436-0A74CFD198C1}.Release|Any CPU.ActiveCfg = Release|x64
		{BF6280B9-5E99-4B5A-A436-0A74CFD198C1}.Release|Any CPU.Build.0 = Release|x64
		{BF6280B9-5E99-4B5A-A436-0A74CFD198C1}.Release|x64.ActiveCfg = Release|x64
		{BF6280B9-5E99-4B5A-A436-0A74CFD198C1}.Release|x64.Build.0 = Release|x64
		{BF6280B9-5E99-4B5A-A436-0A74CFD198C1}.Release|x86.ActiveCfg = Release|Win32
		{BF6280B9-5E99-4B5A-A436-0A74CFD198C1}.Release|x86.Build.0 = Release|Win32
		{8F7E0014-8A74-4ADE-A1A6-A60CF15410BD}.Debug|Any CPU.ActiveCfg = Debug|Any CPU
		{8F7E0014-8A74-4ADE-A1A6-A60CF15410BD}.Debug|Any CPU.Build.0 = Debug|Any CPU
		{8F7E0014-8A74-4ADE-A1A6-A60CF15410BD}.Debug|x64.ActiveCfg = Debug|Any CPU
		{8F7E0014-8A74-4ADE-A1A6-A60CF15410BD}.Debug|x64.Build.0 = Debug|Any CPU
		{8F7E0014-8A74-4ADE-A1A6-A60CF15410BD}.Debug|x86.ActiveCfg = Debug|Any CPU
		{8F7E0014-8A74-4ADE-A1A6-A60CF15410BD}.Debug|x86.Build.0 = Debug|Any CPU
		{8F7E0014-8A74-4ADE-A1A6-A60CF15410BD}.Release|Any CPU.ActiveCfg = Release|Any CPU
		{8F7E0014-8A74-4ADE-A1A6-A60CF15410BD}.Release|Any CPU.Build.0 = Release|Any CPU
		{8F7E0014-8A74-4ADE-A1A6-A60CF15410BD}.Release|x64.ActiveCfg = Release|Any CPU
		{8F7E0014-8A74-4ADE-A1A6-A60CF15410BD}.Release|x64.Build.0 = Release|Any CPU
		{8F7E0014-8A74-4ADE-A1A6-A60CF15410BD}.Release|x86.ActiveCfg = Release|Any CPU
		{8F7E0014-8A74-4ADE-A1A6-A60CF15410BD}.Release|x86.Build.0 = Release|Any CPU
	EndGlobalSection
	GlobalSection(SolutionProperties) = preSolution
		HideSolutionNode = FALSE
	EndGlobalSection
	GlobalSection(ExtensibilityGlobals) = postSolution
		SolutionGuid = {1534AF47-CF77-483B-A239-6A44BA0DFFC7}
	EndGlobalSection
EndGlobal
